{
    "_readme": [
        "This file locks the dependencies of your project to a known state",
        "Read more about it at https://getcomposer.org/doc/01-basic-usage.md#installing-dependencies",
        "This file is @generated automatically"
    ],
    "content-hash": "9ec7553207fb82314ccfcddab0e5bd76",
    "packages": [
        {
            "name": "phpoffice/phpexcel",
            "version": "1.8.2",
            "source": {
                "type": "git",
                "url": "https://github.com/PHPOffice/PHPExcel.git",
                "reference": "1441011fb7ecdd8cc689878f54f8b58a6805f870"
            },
            "dist": {
                "type": "zip",
                "url": "https://api.github.com/repos/PHPOffice/PHPExcel/zipball/1441011fb7ecdd8cc689878f54f8b58a6805f870",
                "reference": "1441011fb7ecdd8cc689878f54f8b58a6805f870",
                "shasum": ""
            },
            "require": {
                "ext-mbstring": "*",
                "ext-xml": "*",
                "ext-xmlwriter": "*",
                "php": "^5.2|^7.0"
            },
            "require-dev": {
                "squizlabs/php_codesniffer": "2.*"
            },
            "type": "library",
            "autoload": {
                "psr-0": {
                    "PHPExcel": "Classes/"
                }
            },
            "notification-url": "https://packagist.org/downloads/",
            "license": [
                "LGPL-2.1"
            ],
            "authors": [
                {
                    "name": "Maarten Balliauw",
                    "homepage": "http://blog.maartenballiauw.be"
                },
                {
                    "name": "Erik Tilt"
                },
                {
                    "name": "Franck Lefevre",
                    "homepage": "http://rootslabs.net"
                },
                {
                    "name": "Mark Baker",
                    "homepage": "http://markbakeruk.net"
                }
            ],
            "description": "PHPExcel - OpenXML - Read, Create and Write Spreadsheet documents in PHP - Spreadsheet engine",
            "homepage": "https://github.com/PHPOffice/PHPExcel",
            "keywords": [
                "OpenXML",
                "excel",
                "php",
                "spreadsheet",
                "xls",
                "xlsx"
            ],
            "abandoned": "phpoffice/phpspreadsheet",
            "time": "2018-11-22T23:07:24+00:00"
        },
        {
            "name": "shuchkin/simplexlsx",
            "version": "0.8.29",
            "source": {
                "type": "git",
                "url": "https://github.com/shuchkin/simplexlsx.git",
                "reference": "3be5dfeb7db1ac57b8e21ccca9a50c16b8692979"
            },
            "dist": {
                "type": "zip",
                "url": "https://api.github.com/repos/shuchkin/simplexlsx/zipball/3be5dfeb7db1ac57b8e21ccca9a50c16b8692979",
                "reference": "3be5dfeb7db1ac57b8e21ccca9a50c16b8692979",
                "shasum": ""
            },
            "require": {
                "ext-libxml": "*",
                "ext-simplexml": "*",
                "ext-zlib": "*"
            },
            "type": "library",
            "autoload": {
                "classmap": [
                    "src/SimpleXLSX.php"
                ]
            },
            "notification-url": "https://packagist.org/downloads/",
            "license": [
                "MIT"
            ],
            "authors": [
                {
                    "name": "Sergey Shuchkin (SMSPILOT)",
                    "email": "sergey.shuchkin@gmail.com",
                    "homepage": "http://www.shuchkin.ru/"
                }
            ],
            "description": "Parse and retrieve data from Excel XLSx files. MS Excel 2007 workbooks PHP reader.",
            "homepage": "https://github.com/shuchkin/simplexlsx",
            "keywords": [
                "backend",
                "excel",
                "parser",
                "php",
                "xlsx"
            ],
            "time": "2021-10-16T15:58:20+00:00"
        },
        {
            "name": "shuchkin/simplexlsxgen",
            "version": "1.0.22",
            "source": {
                "type": "git",
                "url": "https://github.com/shuchkin/simplexlsxgen.git",
                "reference": "9a555eef9b922ec5a7b6893e8cc40cbbe68de999"
            },
            "dist": {
                "type": "zip",
                "url": "https://api.github.com/repos/shuchkin/simplexlsxgen/zipball/9a555eef9b922ec5a7b6893e8cc40cbbe68de999",
                "reference": "9a555eef9b922ec5a7b6893e8cc40cbbe68de999",
                "shasum": ""
            },
            "require": {
                "ext-mbstring": "*",
                "ext-zlib": "*"
            },
            "type": "library",
            "autoload": {
                "classmap": [
                    "src/SimpleXLSXGen.php"
                ]
            },
            "notification-url": "https://packagist.org/downloads/",
            "license": [
                "MIT"
            ],
            "authors": [
                {
                    "name": "Sergey Shuchkin (SMSPILOT)",
                    "email": "sergey.shuchkin@gmail.com",
                    "homepage": "https://shuchkin.ru/"
                }
            ],
            "description": "Export data to Excel XLSx file. PHP XLSX generator.",
            "homepage": "https://github.com/shuchkin/simplexlsxgen",
            "keywords": [
                "backend",
                "creator",
                "excel",
                "generator",
                "php",
                "xlsx"
            ],
            "time": "2021-10-28T21:37:04+00:00"
        }
    ],
    "packages-dev": [],
    "aliases": [],
    "minimum-stability": "stable",
    "stability-flags": [],
    "prefer-stable": false,
    "prefer-lowest": false,
    "platform": [],
    "platform-dev": [],
    "plugin-api-version": "1.1.0"
}
